
Microsoft Visual Studio Solution File, Format Version 12.00
# Visual Studio 15
VisualStudioVersion = 15.0.27703.2000
MinimumVisualStudioVersion = 10.0.40219.1
Project("{8BC9CEB8-8B4A-11D0-8D11-00A0C91BC942}") = "Ch14_01", "Ch14_01\Ch14_01.vcxproj", "{A3196219-ADE0-4503-9594-5092C213266F}"
EndProject
Project("{8BC9CEB8-8B4A-11D0-8D11-00A0C91BC942}") = "Ch14_02", "Ch14_02\Ch14_02.vcxproj", "{C8536174-CD09-48F2-B0B8-7B55B8A32C19}"
EndProject
Project("{8BC9CEB8-8B4A-11D0-8D11-00A0C91BC942}") = "Ch14_03", "Ch14_03\Ch14_03.vcxproj", "{6C64A176-AC58-4AC6-8998-ECD957AE2128}"
EndProject
Project("{8BC9CEB8-8B4A-11D0-8D11-00A0C91BC942}") = "Ch14_04", "Ch14_04\Ch14_04.vcxproj", "{71F307C4-C509-4CB9-B317-E8E965DAAAED}"
EndProject
Project("{8BC9CEB8-8B4A-11D0-8D11-00A0C91BC942}") = "Ch14_05", "Ch14_05\Ch14_05.vcxproj", "{99E4E6DC-BA34-43C4-9C31-F6ADF2D88812}"
EndProject
Global
	GlobalSection(SolutionConfigurationPlatforms) = preSolution
		Debug|x64 = Debug|x64
		Release|x64 = Release|x64
	EndGlobalSection
	GlobalSection(ProjectConfigurationPlatforms) = postSolution
		{A3196219-ADE0-4503-9594-5092C213266F}.Debug|x64.ActiveCfg = Debug|x64
		{A3196219-ADE0-4503-9594-5092C213266F}.Debug|x64.Build.0 = Debug|x64
		{A3196219-ADE0-4503-9594-5092C213266F}.Release|x64.ActiveCfg = Release|x64
		{A3196219-ADE0-4503-9594-5092C213266F}.Release|x64.Build.0 = Release|x64
		{C8536174-CD09-48F2-B0B8-7B55B8A32C19}.Debug|x64.ActiveCfg = Debug|x64
		{C8536174-CD09-48F2-B0B8-7B55B8A32C19}.Debug|x64.Build.0 = Debug|x64
		{C8536174-CD09-48F2-B0B8-7B55B8A32C19}.Release|x64.ActiveCfg = Release|x64
		{C8536174-CD09-48F2-B0B8-7B55B8A32C19}.Release|x64.Build.0 = Release|x64
		{6C64A176-AC58-4AC6-8998-ECD957AE2128}.Debug|x64.ActiveCfg = Debug|x64
		{6C64A176-AC58-4AC6-8998-ECD957AE2128}.Debug|x64.Build.0 = Debug|x64
		{6C64A176-AC58-4AC6-8998-ECD957AE2128}.Release|x64.ActiveCfg = Release|x64
		{6C64A176-AC58-4AC6-8998-ECD957AE2128}.Release|x64.Build.0 = Release|x64
		{71F307C4-C509-4CB9-B317-E8E965DAAAED}.Debug|x64.ActiveCfg = Debug|x64
		{71F307C4-C509-4CB9-B317-E8E965DAAAED}.Debug|x64.Build.0 = Debug|x64
		{71F307C4-C509-4CB9-B317-E8E965DAAAED}.Release|x64.ActiveCfg = Release|x64
		{71F307C4-C509-4CB9-B317-E8E965DAAAED}.Release|x64.Build.0 = Release|x64
		{99E4E6DC-BA34-43C4-9C31-F6ADF2D88812}.Debug|x64.ActiveCfg = Debug|x64
		{99E4E6DC-BA34-43C4-9C31-F6ADF2D88812}.Debug|x64.Build.0 = Debug|x64
		{99E4E6DC-BA34-43C4-9C31-F6ADF2D88812}.Release|x64.ActiveCfg = Release|x64
		{99E4E6DC-BA34-43C4-9C31-F6ADF2D88812}.Release|x64.Build.0 = Release|x64
	EndGlobalSection
	GlobalSection(SolutionProperties) = preSolution
		HideSolutionNode = FALSE
	EndGlobalSection
	GlobalSection(ExtensibilityGlobals) = postSolution
		SolutionGuid = {6CFDC5D6-2BEA-4845-B947-BF5443A4E7E3}
	EndGlobalSection
EndGlobal
