
Microsoft Visual Studio Solution File, Format Version 12.00
# Visual Studio 15
VisualStudioVersion = 15.0.27428.2015
MinimumVisualStudioVersion = 10.0.40219.1
Project("{8BC9CEB8-8B4A-11D0-8D11-00A0C91BC942}") = "Ch05_01", "Ch05_01\Ch05_01.vcxproj", "{B9DEBB46-BCDA-4F8C-B142-06780D4E78BF}"
EndProject
Project("{8BC9CEB8-8B4A-11D0-8D11-00A0C91BC942}") = "Ch05_02", "Ch05_02\Ch05_02.vcxproj", "{89D4A302-5410-4457-BF8F-00655CB414B7}"
EndProject
Project("{8BC9CEB8-8B4A-11D0-8D11-00A0C91BC942}") = "Ch05_03", "Ch05_03\Ch05_03.vcxproj", "{001B9EE4-D8C0-487E-A120-1F4D59B7AA45}"
EndProject
Project("{8BC9CEB8-8B4A-11D0-8D11-00A0C91BC942}") = "Ch05_04", "Ch05_04\Ch05_04.vcxproj", "{FD6BFECA-878D-4524-88B1-4C6AD68303FC}"
EndProject
Project("{8BC9CEB8-8B4A-11D0-8D11-00A0C91BC942}") = "Ch05_05", "Ch05_05\Ch05_05.vcxproj", "{A96B4175-A251-473A-905E-161F64CC377E}"
EndProject
Project("{8BC9CEB8-8B4A-11D0-8D11-00A0C91BC942}") = "Ch05_06", "Ch05_06\Ch05_06.vcxproj", "{A986A0CC-3CC7-4F7D-99CC-4BEAD0713136}"
EndProject
Project("{8BC9CEB8-8B4A-11D0-8D11-00A0C91BC942}") = "Ch05_07", "Ch05_07\Ch05_07.vcxproj", "{1F75D679-D354-4B34-82EB-F3976D63814B}"
EndProject
Project("{8BC9CEB8-8B4A-11D0-8D11-00A0C91BC942}") = "Ch05_08", "Ch05_08\Ch05_08.vcxproj", "{837F20E8-2563-4240-9B4A-71CE5BE0854A}"
EndProject
Project("{8BC9CEB8-8B4A-11D0-8D11-00A0C91BC942}") = "Ch05_09", "Ch05_09\Ch05_09.vcxproj", "{AFF72247-C62B-4CF6-9E18-7877C1656F8F}"
EndProject
Project("{8BC9CEB8-8B4A-11D0-8D11-00A0C91BC942}") = "Ch05_10", "Ch05_10\Ch05_10.vcxproj", "{BE867C8A-75B5-406D-BE84-5252F1CC387B}"
EndProject
Project("{8BC9CEB8-8B4A-11D0-8D11-00A0C91BC942}") = "Ch05_11", "Ch05_11\Ch05_11.vcxproj", "{61069B5A-EF97-48C4-BE1D-C2E9BF7D3F03}"
EndProject
Project("{8BC9CEB8-8B4A-11D0-8D11-00A0C91BC942}") = "Ch05_12", "Ch05_12\Ch05_12.vcxproj", "{0581B44F-4553-4B1A-8EC0-EA0EA26AF6F0}"
EndProject
Global
	GlobalSection(SolutionConfigurationPlatforms) = preSolution
		Debug|x64 = Debug|x64
		Release|x64 = Release|x64
	EndGlobalSection
	GlobalSection(ProjectConfigurationPlatforms) = postSolution
		{B9DEBB46-BCDA-4F8C-B142-06780D4E78BF}.Debug|x64.ActiveCfg = Debug|x64
		{B9DEBB46-BCDA-4F8C-B142-06780D4E78BF}.Debug|x64.Build.0 = Debug|x64
		{B9DEBB46-BCDA-4F8C-B142-06780D4E78BF}.Release|x64.ActiveCfg = Release|x64
		{B9DEBB46-BCDA-4F8C-B142-06780D4E78BF}.Release|x64.Build.0 = Release|x64
		{89D4A302-5410-4457-BF8F-00655CB414B7}.Debug|x64.ActiveCfg = Debug|x64
		{89D4A302-5410-4457-BF8F-00655CB414B7}.Debug|x64.Build.0 = Debug|x64
		{89D4A302-5410-4457-BF8F-00655CB414B7}.Release|x64.ActiveCfg = Release|x64
		{89D4A302-5410-4457-BF8F-00655CB414B7}.Release|x64.Build.0 = Release|x64
		{001B9EE4-D8C0-487E-A120-1F4D59B7AA45}.Debug|x64.ActiveCfg = Debug|x64
		{001B9EE4-D8C0-487E-A120-1F4D59B7AA45}.Debug|x64.Build.0 = Debug|x64
		{001B9EE4-D8C0-487E-A120-1F4D59B7AA45}.Release|x64.ActiveCfg = Release|x64
		{001B9EE4-D8C0-487E-A120-1F4D59B7AA45}.Release|x64.Build.0 = Release|x64
		{FD6BFECA-878D-4524-88B1-4C6AD68303FC}.Debug|x64.ActiveCfg = Debug|x64
		{FD6BFECA-878D-4524-88B1-4C6AD68303FC}.Debug|x64.Build.0 = Debug|x64
		{FD6BFECA-878D-4524-88B1-4C6AD68303FC}.Release|x64.ActiveCfg = Release|x64
		{FD6BFECA-878D-4524-88B1-4C6AD68303FC}.Release|x64.Build.0 = Release|x64
		{A96B4175-A251-473A-905E-161F64CC377E}.Debug|x64.ActiveCfg = Debug|x64
		{A96B4175-A251-473A-905E-161F64CC377E}.Debug|x64.Build.0 = Debug|x64
		{A96B4175-A251-473A-905E-161F64CC377E}.Release|x64.ActiveCfg = Release|x64
		{A96B4175-A251-473A-905E-161F64CC377E}.Release|x64.Build.0 = Release|x64
		{A986A0CC-3CC7-4F7D-99CC-4BEAD0713136}.Debug|x64.ActiveCfg = Debug|x64
		{A986A0CC-3CC7-4F7D-99CC-4BEAD0713136}.Debug|x64.Build.0 = Debug|x64
		{A986A0CC-3CC7-4F7D-99CC-4BEAD0713136}.Release|x64.ActiveCfg = Release|x64
		{A986A0CC-3CC7-4F7D-99CC-4BEAD0713136}.Release|x64.Build.0 = Release|x64
		{1F75D679-D354-4B34-82EB-F3976D63814B}.Debug|x64.ActiveCfg = Debug|x64
		{1F75D679-D354-4B34-82EB-F3976D63814B}.Debug|x64.Build.0 = Debug|x64
		{1F75D679-D354-4B34-82EB-F3976D63814B}.Release|x64.ActiveCfg = Release|x64
		{1F75D679-D354-4B34-82EB-F3976D63814B}.Release|x64.Build.0 = Release|x64
		{837F20E8-2563-4240-9B4A-71CE5BE0854A}.Debug|x64.ActiveCfg = Debug|x64
		{837F20E8-2563-4240-9B4A-71CE5BE0854A}.Debug|x64.Build.0 = Debug|x64
		{837F20E8-2563-4240-9B4A-71CE5BE0854A}.Release|x64.ActiveCfg = Release|x64
		{837F20E8-2563-4240-9B4A-71CE5BE0854A}.Release|x64.Build.0 = Release|x64
		{AFF72247-C62B-4CF6-9E18-7877C1656F8F}.Debug|x64.ActiveCfg = Debug|x64
		{AFF72247-C62B-4CF6-9E18-7877C1656F8F}.Debug|x64.Build.0 = Debug|x64
		{AFF72247-C62B-4CF6-9E18-7877C1656F8F}.Release|x64.ActiveCfg = Release|x64
		{AFF72247-C62B-4CF6-9E18-7877C1656F8F}.Release|x64.Build.0 = Release|x64
		{BE867C8A-75B5-406D-BE84-5252F1CC387B}.Debug|x64.ActiveCfg = Debug|x64
		{BE867C8A-75B5-406D-BE84-5252F1CC387B}.Debug|x64.Build.0 = Debug|x64
		{BE867C8A-75B5-406D-BE84-5252F1CC387B}.Release|x64.ActiveCfg = Release|x64
		{BE867C8A-75B5-406D-BE84-5252F1CC387B}.Release|x64.Build.0 = Release|x64
		{61069B5A-EF97-48C4-BE1D-C2E9BF7D3F03}.Debug|x64.ActiveCfg = Debug|x64
		{61069B5A-EF97-48C4-BE1D-C2E9BF7D3F03}.Debug|x64.Build.0 = Debug|x64
		{61069B5A-EF97-48C4-BE1D-C2E9BF7D3F03}.Release|x64.ActiveCfg = Release|x64
		{61069B5A-EF97-48C4-BE1D-C2E9BF7D3F03}.Release|x64.Build.0 = Release|x64
		{0581B44F-4553-4B1A-8EC0-EA0EA26AF6F0}.Debug|x64.ActiveCfg = Debug|x64
		{0581B44F-4553-4B1A-8EC0-EA0EA26AF6F0}.Debug|x64.Build.0 = Debug|x64
		{0581B44F-4553-4B1A-8EC0-EA0EA26AF6F0}.Release|x64.ActiveCfg = Release|x64
		{0581B44F-4553-4B1A-8EC0-EA0EA26AF6F0}.Release|x64.Build.0 = Release|x64
	EndGlobalSection
	GlobalSection(SolutionProperties) = preSolution
		HideSolutionNode = FALSE
	EndGlobalSection
	GlobalSection(ExtensibilityGlobals) = postSolution
		SolutionGuid = {9F5AA7BC-069E-404D-9EA6-33A06A89C632}
	EndGlobalSection
EndGlobal
